
Microsoft Visual Studio Solution File, Format Version 12.00
# Visual Studio 15
VisualStudioVersion = 15.0.26124.0
MinimumVisualStudioVersion = 15.0.26124.0
Project("{FAE04EC0-301F-11D3-BF4B-00C04F79EFBC}") = "TelegramBot.Core", "TelegramBot.Core\TelegramBot.Core.csproj", "{C28B8BDB-8198-4304-823A-F9B902D8AF12}"
EndProject
Project("{FAE04EC0-301F-11D3-BF4B-00C04F79EFBC}") = "TelegramBot.Tests", "TelegramBot.Tests\TelegramBot.Tests.csproj", "{6DD997C4-AFDF-45F8-9065-6AF25BC93D14}"
EndProject
Project("{FAE04EC0-301F-11D3-BF4B-00C04F79EFBC}") = "TelegramBot.Cli", "TelegramBot.Cli\TelegramBot.Cli.csproj", "{BCBCB952-205C-4EB2-BAEE-D7D29047CE1E}"
EndProject
Global
	GlobalSection(SolutionConfigurationPlatforms) = preSolution
		Debug|Any CPU = Debug|Any CPU
		Debug|x64 = Debug|x64
		Debug|x86 = Debug|x86
		Release|Any CPU = Release|Any CPU
		Release|x64 = Release|x64
		Release|x86 = Release|x86
	EndGlobalSection
	GlobalSection(SolutionProperties) = preSolution
		HideSolutionNode = FALSE
	EndGlobalSection
	GlobalSection(ProjectConfigurationPlatforms) = postSolution
		{C28B8BDB-8198-4304-823A-F9B902D8AF12}.Debug|Any CPU.ActiveCfg = Debug|Any CPU
		{C28B8BDB-8198-4304-823A-F9B902D8AF12}.Debug|Any CPU.Build.0 = Debug|Any CPU
		{C28B8BDB-8198-4304-823A-F9B902D8AF12}.Debug|x64.ActiveCfg = Debug|Any CPU
		{C28B8BDB-8198-4304-823A-F9B902D8AF12}.Debug|x64.Build.0 = Debug|Any CPU
		{C28B8BDB-8198-4304-823A-F9B902D8AF12}.Debug|x86.ActiveCfg = Debug|Any CPU
		{C28B8BDB-8198-4304-823A-F9B902D8AF12}.Debug|x86.Build.0 = Debug|Any CPU
		{C28B8BDB-8198-4304-823A-F9B902D8AF12}.Release|Any CPU.ActiveCfg = Release|Any CPU
		{C28B8BDB-8198-4304-823A-F9B902D8AF12}.Release|Any CPU.Build.0 = Release|Any CPU
		{C28B8BDB-8198-4304-823A-F9B902D8AF12}.Release|x64.ActiveCfg = Release|Any CPU
		{C28B8BDB-8198-4304-823A-F9B902D8AF12}.Release|x64.Build.0 = Release|Any CPU
		{C28B8BDB-8198-4304-823A-F9B902D8AF12}.Release|x86.ActiveCfg = Release|Any CPU
		{C28B8BDB-8198-4304-823A-F9B902D8AF12}.Release|x86.Build.0 = Release|Any CPU
		{6DD997C4-AFDF-45F8-9065-6AF25BC93D14}.Debug|Any CPU.ActiveCfg = Debug|Any CPU
		{6DD997C4-AFDF-45F8-9065-6AF25BC93D14}.Debug|Any CPU.Build.0 = Debug|Any CPU
		{6DD997C4-AFDF-45F8-9065-6AF25BC93D14}.Debug|x64.ActiveCfg = Debug|Any CPU
		{6DD997C4-AFDF-45F8-9065-6AF25BC93D14}.Debug|x64.Build.0 = Debug|Any CPU
		{6DD997C4-AFDF-45F8-9065-6AF25BC93D14}.Debug|x86.ActiveCfg = Debug|Any CPU
		{6DD997C4-AFDF-45F8-9065-6AF25BC93D14}.Debug|x86.Build.0 = Debug|Any CPU
		{6DD997C4-AFDF-45F8-9065-6AF25BC93D14}.Release|Any CPU.ActiveCfg = Release|Any CPU
		{6DD997C4-AFDF-45F8-9065-6AF25BC93D14}.Release|Any CPU.Build.0 = Release|Any CPU
		{6DD997C4-AFDF-45F8-9065-6AF25BC93D14}.Release|x64.ActiveCfg = Release|Any CPU
		{6DD997C4-AFDF-45F8-9065-6AF25BC93D14}.Release|x64.Build.0 = Release|Any CPU
		{6DD997C4-AFDF-45F8-9065-6AF25BC93D14}.Release|x86.ActiveCfg = Release|Any CPU
		{6DD997C4-AFDF-45F8-9065-6AF25BC93D14}.Release|x86.Build.0 = Release|Any CPU
		{BCBCB952-205C-4EB2-BAEE-D7D29047CE1E}.Debug|Any CPU.ActiveCfg = Debug|Any CPU
		{BCBCB952-205C-4EB2-BAEE-D7D29047CE1E}.Debug|Any CPU.Build.0 = Debug|Any CPU
		{BCBCB952-205C-4EB2-BAEE-D7D29047CE1E}.Debug|x64.ActiveCfg = Debug|Any CPU
		{BCBCB952-205C-4EB2-BAEE-D7D29047CE1E}.Debug|x64.Build.0 = Debug|Any CPU
		{BCBCB952-205C-4EB2-BAEE-D7D29047CE1E}.Debug|x86.ActiveCfg = Debug|Any CPU
		{BCBCB952-205C-4EB2-BAEE-D7D29047CE1E}.Debug|x86.Build.0 = Debug|Any CPU
		{BCBCB952-205C-4EB2-BAEE-D7D29047CE1E}.Release|Any CPU.ActiveCfg = Release|Any CPU
		{BCBCB952-205C-4EB2-BAEE-D7D29047CE1E}.Release|Any CPU.Build.0 = Release|Any CPU
		{BCBCB952-205C-4EB2-BAEE-D7D29047CE1E}.Release|x64.ActiveCfg = Release|Any CPU
		{BCBCB952-205C-4EB2-BAEE-D7D29047CE1E}.Release|x64.Build.0 = Release|Any CPU
		{BCBCB952-205C-4EB2-BAEE-D7D29047CE1E}.Release|x86.ActiveCfg = Release|Any CPU
		{BCBCB952-205C-4EB2-BAEE-D7D29047CE1E}.Release|x86.Build.0 = Release|Any CPU
	EndGlobalSection
EndGlobal
